
Microsoft Visual Studio Solution File, Format Version 12.00
# Visual Studio 15
VisualStudioVersion = 15.0.28307.421
MinimumVisualStudioVersion = 10.0.40219.1
Project("{FAE04EC0-301F-11D3-BF4B-00C04F79EFBC}") = "CrudePortal", "CrudePortal\CrudePortal.csproj", "{EA4F93C1-6FB7-4D29-88B4-27A177DD8029}"
EndProject
Global
	GlobalSection(SolutionConfigurationPlatforms) = preSolution
		Debug|Any CPU = Debug|Any CPU
		Release|Any CPU = Release|Any CPU
	EndGlobalSection
	GlobalSection(ProjectConfigurationPlatforms) = postSolution
		{EA4F93C1-6FB7-4D29-88B4-27A177DD8029}.Debug|Any CPU.ActiveCfg = Debug|Any CPU
		{EA4F93C1-6FB7-4D29-88B4-27A177DD8029}.Debug|Any CPU.Build.0 = Debug|Any CPU
		{EA4F93C1-6FB7-4D29-88B4-27A177DD8029}.Release|Any CPU.ActiveCfg = Release|Any CPU
		{EA4F93C1-6FB7-4D29-88B4-27A177DD8029}.Release|Any CPU.Build.0 = Release|Any CPU
	EndGlobalSection
	GlobalSection(SolutionProperties) = preSolution
		HideSolutionNode = FALSE
	EndGlobalSection
	GlobalSection(ExtensibilityGlobals) = postSolution
		SolutionGuid = {882E15D1-CB4D-421F-9392-1592711B2186}
	EndGlobalSection
EndGlobal
